
Microsoft Visual Studio Solution File, Format Version 12.00
# Visual Studio Version 16
VisualStudioVersion = 16.0.33801.447
MinimumVisualStudioVersion = 10.0.40219.1
Project("{8BC9CEB8-8B4A-11D0-8D11-00A0C91BC942}") = "MoriaEngine3d(1)", "MoriaEngine3d(1).vcxproj", "{917DABBD-DE88-4C1A-9A28-614577C3F332}"
EndProject
Global
	GlobalSection(SolutionConfigurationPlatforms) = preSolution
		Debug|x64 = Debug|x64
		Debug|x86 = Debug|x86
		Release|x64 = Release|x64
		Release|x86 = Release|x86
	EndGlobalSection
	GlobalSection(ProjectConfigurationPlatforms) = postSolution
		{917DABBD-DE88-4C1A-9A28-614577C3F332}.Debug|x64.ActiveCfg = Debug|x64
		{917DABBD-DE88-4C1A-9A28-614577C3F332}.Debug|x64.Build.0 = Debug|x64
		{917DABBD-DE88-4C1A-9A28-614577C3F332}.Debug|x86.ActiveCfg = Debug|Win32
		{917DABBD-DE88-4C1A-9A28-614577C3F332}.Debug|x86.Build.0 = Debug|Win32
		{917DABBD-DE88-4C1A-9A28-614577C3F332}.Release|x64.ActiveCfg = Release|x64
		{917DABBD-DE88-4C1A-9A28-614577C3F332}.Release|x64.Build.0 = Release|x64
		{917DABBD-DE88-4C1A-9A28-614577C3F332}.Release|x86.ActiveCfg = Release|Win32
		{917DABBD-DE88-4C1A-9A28-614577C3F332}.Release|x86.Build.0 = Release|Win32
	EndGlobalSection
	GlobalSection(SolutionProperties) = preSolution
		HideSolutionNode = FALSE
	EndGlobalSection
	GlobalSection(ExtensibilityGlobals) = postSolution
		SolutionGuid = {A637039A-39F0-4838-9421-7DABC2AABFC3}
	EndGlobalSection
EndGlobal
